{
  "version": 4,
  "terraform_version": "1.5.7",
  "serial": 13,
  "lineage": "ce8d0d8c-38c8-0e4b-1dae-bdc5650391b5",
  "outputs": {},
  "resources": [
    {
      "module": "module.anomaly_detection",
      "mode": "managed",
      "type": "aws_ce_anomaly_monitor",
      "name": "cost_anomaly_monitor",
      "provider": "provider[\"registry.terraform.io/hashicorp/aws\"]",
      "instances": [
        {
          "schema_version": 0,
          "attributes": {
            "arn": "arn:aws:ce::632988662472:anomalymonitor/bc8b2423-2888-49a1-b21c-64a57f7dba9d",
            "id": "arn:aws:ce::632988662472:anomalymonitor/bc8b2423-2888-49a1-b21c-64a57f7dba9d",
            "monitor_dimension": "SERVICE",
            "monitor_specification": null,
            "monitor_type": "DIMENSIONAL",
            "name": "cost-anomaly-monitor-dev",
            "tags": {},
            "tags_all": {
              "Environment": "dev",
              "ManagedBy": "Terraform",
              "Project": "AWS-Cost-Analysis"
            }
          },
          "sensitive_attributes": [],
          "private": "eyJzY2hlbWFfdmVyc2lvbiI6IjAifQ==",
          "dependencies": [
            "module.cost_intelligence.aws_athena_workgroup.cost_analysis",
            "module.cost_intelligence.aws_cur_report_definition.cost_usage_report",
            "module.cost_intelligence.aws_s3_bucket.cost_reports",
            "module.cost_intelligence.aws_s3_bucket_policy.cost_reports",
            "module.cost_intelligence.aws_s3_bucket_server_side_encryption_configuration.cost_reports",
            "module.cost_intelligence.aws_s3_bucket_versioning.cost_reports",
            "module.cost_intelligence.data.aws_iam_policy_document.cost_reports"
          ]
        }
      ]
    },
    {
      "module": "module.anomaly_detection",
      "mode": "managed",
      "type": "aws_ce_anomaly_subscription",
      "name": "cost_anomaly_subscription",
      "provider": "provider[\"registry.terraform.io/hashicorp/aws\"]",
      "instances": [
        {
          "schema_version": 0,
          "attributes": {
            "account_id": "632988662472",
            "arn": "arn:aws:ce::632988662472:anomalysubscription/a5f857fd-a604-44a0-8277-27cf1a84a8b4",
            "frequency": "IMMEDIATE",
            "id": "arn:aws:ce::632988662472:anomalysubscription/a5f857fd-a604-44a0-8277-27cf1a84a8b4",
            "monitor_arn_list": [
              "arn:aws:ce::632988662472:anomalymonitor/bc8b2423-2888-49a1-b21c-64a57f7dba9d"
            ],
            "name": "cost-anomaly-subscription-dev",
            "subscriber": [
              {
                "address": "arn:aws:sns:us-east-1:632988662472:cost-anomaly-alerts-dev",
                "type": "SNS"
              }
            ],
            "tags": {},
            "tags_all": {
              "Environment": "dev",
              "ManagedBy": "Terraform",
              "Project": "AWS-Cost-Analysis"
            },
            "threshold_expression": [
              {
                "and": [],
                "cost_category": [],
                "dimension": [
                  {
                    "key": "ANOMALY_TOTAL_IMPACT_ABSOLUTE",
                    "match_options": [
                      "GREATER_THAN_OR_EQUAL"
                    ],
                    "values": [
                      "100"
                    ]
                  }
                ],
                "not": [],
                "or": [],
                "tags": []
              }
            ]
          },
          "sensitive_attributes": [],
          "private": "eyJzY2hlbWFfdmVyc2lvbiI6IjAifQ=="
        }
      ]
    },
    {
      "module": "module.anomaly_detection",
      "mode": "managed",
      "type": "aws_sns_topic",
      "name": "cost_anomaly_alerts",
      "provider": "provider[\"registry.terraform.io/hashicorp/aws\"]",
      "instances": [
        {
          "schema_version": 0,
          "attributes": {
            "application_failure_feedback_role_arn": "",
            "application_success_feedback_role_arn": "",
            "application_success_feedback_sample_rate": 0,
            "archive_policy": "",
            "arn": "arn:aws:sns:us-east-1:632988662472:cost-anomaly-alerts-dev",
            "beginning_archive_time": "",
            "content_based_deduplication": false,
            "delivery_policy": "",
            "display_name": "",
            "fifo_throughput_scope": "",
            "fifo_topic": false,
            "firehose_failure_feedback_role_arn": "",
            "firehose_success_feedback_role_arn": "",
            "firehose_success_feedback_sample_rate": 0,
            "http_failure_feedback_role_arn": "",
            "http_success_feedback_role_arn": "",
            "http_success_feedback_sample_rate": 0,
            "id": "arn:aws:sns:us-east-1:632988662472:cost-anomaly-alerts-dev",
            "kms_master_key_id": "",
            "lambda_failure_feedback_role_arn": "",
            "lambda_success_feedback_role_arn": "",
            "lambda_success_feedback_sample_rate": 0,
            "name": "cost-anomaly-alerts-dev",
            "name_prefix": "",
            "owner": "632988662472",
            "policy": "{\"Statement\":[{\"Action\":\"SNS:Publish\",\"Effect\":\"Allow\",\"Principal\":{\"Service\":\"costalerts.amazonaws.com\"},\"Resource\":\"arn:aws:sns:us-east-1:632988662472:cost-anomaly-alerts-dev\",\"Sid\":\"AllowCEToPublishToCostAnomalyAlerts\"}],\"Version\":\"2012-10-17\"}",
            "signature_version": 0,
            "sqs_failure_feedback_role_arn": "",
            "sqs_success_feedback_role_arn": "",
            "sqs_success_feedback_sample_rate": 0,
            "tags": {},
            "tags_all": {
              "Environment": "dev",
              "ManagedBy": "Terraform",
              "Project": "AWS-Cost-Analysis"
            },
            "tracing_config": ""
          },
          "sensitive_attributes": [],
          "private": "eyJzY2hlbWFfdmVyc2lvbiI6IjAifQ==",
          "dependencies": [
            "module.cost_intelligence.aws_athena_workgroup.cost_analysis",
            "module.cost_intelligence.aws_cur_report_definition.cost_usage_report",
            "module.cost_intelligence.aws_s3_bucket.cost_reports",
            "module.cost_intelligence.aws_s3_bucket_policy.cost_reports",
            "module.cost_intelligence.aws_s3_bucket_server_side_encryption_configuration.cost_reports",
            "module.cost_intelligence.aws_s3_bucket_versioning.cost_reports",
            "module.cost_intelligence.data.aws_iam_policy_document.cost_reports"
          ]
        }
      ]
    },
    {
      "module": "module.anomaly_detection",
      "mode": "managed",
      "type": "aws_sns_topic_policy",
      "name": "cost_anomaly_alerts",
      "provider": "provider[\"registry.terraform.io/hashicorp/aws\"]",
      "instances": [
        {
          "schema_version": 0,
          "attributes": {
            "arn": "arn:aws:sns:us-east-1:632988662472:cost-anomaly-alerts-dev",
            "id": "arn:aws:sns:us-east-1:632988662472:cost-anomaly-alerts-dev",
            "owner": "632988662472",
            "policy": "{\"Statement\":[{\"Action\":\"SNS:Publish\",\"Effect\":\"Allow\",\"Principal\":{\"Service\":\"costalerts.amazonaws.com\"},\"Resource\":\"arn:aws:sns:us-east-1:632988662472:cost-anomaly-alerts-dev\",\"Sid\":\"AllowCEToPublishToCostAnomalyAlerts\"}],\"Version\":\"2012-10-17\"}"
          },
          "sensitive_attributes": [],
          "private": "eyJzY2hlbWFfdmVyc2lvbiI6IjAifQ==",
          "dependencies": [
            "module.anomaly_detection.aws_sns_topic.cost_anomaly_alerts",
            "module.cost_intelligence.aws_athena_workgroup.cost_analysis",
            "module.cost_intelligence.aws_cur_report_definition.cost_usage_report",
            "module.cost_intelligence.aws_s3_bucket.cost_reports",
            "module.cost_intelligence.aws_s3_bucket_policy.cost_reports",
            "module.cost_intelligence.aws_s3_bucket_server_side_encryption_configuration.cost_reports",
            "module.cost_intelligence.aws_s3_bucket_versioning.cost_reports",
            "module.cost_intelligence.data.aws_iam_policy_document.cost_reports"
          ]
        }
      ]
    },
    {
      "module": "module.anomaly_detection",
      "mode": "managed",
      "type": "aws_sns_topic_subscription",
      "name": "cost_anomaly_email",
      "provider": "provider[\"registry.terraform.io/hashicorp/aws\"]",
      "instances": [
        {
          "schema_version": 0,
          "attributes": {
            "arn": "arn:aws:sns:us-east-1:632988662472:cost-anomaly-alerts-dev:490138a0-8b5c-4907-acb5-f62a8d707084",
            "confirmation_timeout_in_minutes": 1,
            "confirmation_was_authenticated": false,
            "delivery_policy": "",
            "endpoint": "simon@altvia.com",
            "endpoint_auto_confirms": false,
            "filter_policy": "",
            "filter_policy_scope": "",
            "id": "arn:aws:sns:us-east-1:632988662472:cost-anomaly-alerts-dev:490138a0-8b5c-4907-acb5-f62a8d707084",
            "owner_id": "632988662472",
            "pending_confirmation": true,
            "protocol": "email",
            "raw_message_delivery": false,
            "redrive_policy": "",
            "replay_policy": "",
            "subscription_role_arn": "",
            "topic_arn": "arn:aws:sns:us-east-1:632988662472:cost-anomaly-alerts-dev"
          },
          "sensitive_attributes": [],
          "private": "bnVsbA==",
          "dependencies": [
            "module.anomaly_detection.aws_sns_topic.cost_anomaly_alerts",
            "module.cost_intelligence.aws_athena_workgroup.cost_analysis",
            "module.cost_intelligence.aws_cur_report_definition.cost_usage_report",
            "module.cost_intelligence.aws_s3_bucket.cost_reports",
            "module.cost_intelligence.aws_s3_bucket_policy.cost_reports",
            "module.cost_intelligence.aws_s3_bucket_server_side_encryption_configuration.cost_reports",
            "module.cost_intelligence.aws_s3_bucket_versioning.cost_reports",
            "module.cost_intelligence.data.aws_iam_policy_document.cost_reports"
          ]
        }
      ]
    },
    {
      "module": "module.cost_intelligence",
      "mode": "data",
      "type": "aws_iam_policy_document",
      "name": "cost_reports",
      "provider": "provider[\"registry.terraform.io/hashicorp/aws\"]",
      "instances": [
        {
          "schema_version": 0,
          "attributes": {
            "id": "5948810",
            "json": "{\n  \"Version\": \"2012-10-17\",\n  \"Statement\": [\n    {\n      \"Sid\": \"AllowCURDelivery\",\n      \"Effect\": \"Allow\",\n      \"Action\": [\n        \"s3:GetBucketPolicy\",\n        \"s3:GetBucketAcl\"\n      ],\n      \"Resource\": \"arn:aws:s3:::cost-analysis-poc-reports-9f8e7d-dev\",\n      \"Principal\": {\n        \"Service\": \"billingreports.amazonaws.com\"\n      }\n    },\n    {\n      \"Sid\": \"AllowCURWriting\",\n      \"Effect\": \"Allow\",\n      \"Action\": \"s3:PutObject\",\n      \"Resource\": \"arn:aws:s3:::cost-analysis-poc-reports-9f8e7d-dev/*\",\n      \"Principal\": {\n        \"Service\": \"billingreports.amazonaws.com\"\n      }\n    }\n  ]\n}",
            "minified_json": "{\"Version\":\"2012-10-17\",\"Statement\":[{\"Sid\":\"AllowCURDelivery\",\"Effect\":\"Allow\",\"Action\":[\"s3:GetBucketPolicy\",\"s3:GetBucketAcl\"],\"Resource\":\"arn:aws:s3:::cost-analysis-poc-reports-9f8e7d-dev\",\"Principal\":{\"Service\":\"billingreports.amazonaws.com\"}},{\"Sid\":\"AllowCURWriting\",\"Effect\":\"Allow\",\"Action\":\"s3:PutObject\",\"Resource\":\"arn:aws:s3:::cost-analysis-poc-reports-9f8e7d-dev/*\",\"Principal\":{\"Service\":\"billingreports.amazonaws.com\"}}]}",
            "override_json": null,
            "override_policy_documents": null,
            "policy_id": null,
            "source_json": null,
            "source_policy_documents": null,
            "statement": [
              {
                "actions": [
                  "s3:GetBucketAcl",
                  "s3:GetBucketPolicy"
                ],
                "condition": [],
                "effect": "Allow",
                "not_actions": [],
                "not_principals": [],
                "not_resources": [],
                "principals": [
                  {
                    "identifiers": [
                      "billingreports.amazonaws.com"
                    ],
                    "type": "Service"
                  }
                ],
                "resources": [
                  "arn:aws:s3:::cost-analysis-poc-reports-9f8e7d-dev"
                ],
                "sid": "AllowCURDelivery"
              },
              {
                "actions": [
                  "s3:PutObject"
                ],
                "condition": [],
                "effect": "Allow",
                "not_actions": [],
                "not_principals": [],
                "not_resources": [],
                "principals": [
                  {
                    "identifiers": [
                      "billingreports.amazonaws.com"
                    ],
                    "type": "Service"
                  }
                ],
                "resources": [
                  "arn:aws:s3:::cost-analysis-poc-reports-9f8e7d-dev/*"
                ],
                "sid": "AllowCURWriting"
              }
            ],
            "version": "2012-10-17"
          },
          "sensitive_attributes": []
        }
      ]
    },
    {
      "module": "module.cost_intelligence",
      "mode": "managed",
      "type": "aws_athena_workgroup",
      "name": "cost_analysis",
      "provider": "provider[\"registry.terraform.io/hashicorp/aws\"]",
      "instances": [
        {
          "schema_version": 0,
          "attributes": {
            "arn": "arn:aws:athena:us-east-1:632988662472:workgroup/cost-analysis-dev",
            "configuration": [
              {
                "bytes_scanned_cutoff_per_query": 0,
                "enforce_workgroup_configuration": true,
                "engine_version": [
                  {
                    "effective_engine_version": "Athena engine version 3",
                    "selected_engine_version": "AUTO"
                  }
                ],
                "execution_role": "",
                "publish_cloudwatch_metrics_enabled": true,
                "requester_pays_enabled": false,
                "result_configuration": [
                  {
                    "acl_configuration": [],
                    "encryption_configuration": [
                      {
                        "encryption_option": "SSE_S3",
                        "kms_key_arn": ""
                      }
                    ],
                    "expected_bucket_owner": "",
                    "output_location": "s3://cost-analysis-poc-reports-9f8e7d-dev/athena-results/"
                  }
                ]
              }
            ],
            "description": "",
            "force_destroy": false,
            "id": "cost-analysis-dev",
            "name": "cost-analysis-dev",
            "state": "ENABLED",
            "tags": {},
            "tags_all": {
              "Environment": "dev",
              "ManagedBy": "Terraform",
              "Project": "AWS-Cost-Analysis"
            }
          },
          "sensitive_attributes": [],
          "private": "eyJzY2hlbWFfdmVyc2lvbiI6IjAifQ==",
          "dependencies": [
            "module.cost_intelligence.aws_s3_bucket.cost_reports"
          ]
        }
      ]
    },
    {
      "module": "module.cost_intelligence",
      "mode": "managed",
      "type": "aws_cur_report_definition",
      "name": "cost_usage_report",
      "provider": "provider[\"registry.terraform.io/hashicorp/aws\"]",
      "instances": [
        {
          "schema_version": 0,
          "attributes": {
            "additional_artifacts": [],
            "additional_schema_elements": [
              "RESOURCES"
            ],
            "arn": "arn:aws:cur:us-east-1:632988662472:definition/cost-usage-report-dev",
            "compression": "Parquet",
            "format": "Parquet",
            "id": "cost-usage-report-dev",
            "refresh_closed_reports": true,
            "report_name": "cost-usage-report-dev",
            "report_versioning": "OVERWRITE_REPORT",
            "s3_bucket": "cost-analysis-poc-reports-9f8e7d-dev",
            "s3_prefix": "",
            "s3_region": "us-east-1",
            "tags": {},
            "tags_all": {
              "Environment": "dev",
              "ManagedBy": "Terraform",
              "Project": "AWS-Cost-Analysis"
            },
            "time_unit": "HOURLY"
          },
          "sensitive_attributes": [],
          "private": "eyJzY2hlbWFfdmVyc2lvbiI6IjAifQ==",
          "dependencies": [
            "module.cost_intelligence.aws_s3_bucket.cost_reports"
          ]
        }
      ]
    },
    {
      "module": "module.cost_intelligence",
      "mode": "managed",
      "type": "aws_s3_bucket",
      "name": "cost_reports",
      "provider": "provider[\"registry.terraform.io/hashicorp/aws\"]",
      "instances": [
        {
          "schema_version": 0,
          "attributes": {
            "acceleration_status": "",
            "acl": null,
            "arn": "arn:aws:s3:::cost-analysis-poc-reports-9f8e7d-dev",
            "bucket": "cost-analysis-poc-reports-9f8e7d-dev",
            "bucket_domain_name": "cost-analysis-poc-reports-9f8e7d-dev.s3.amazonaws.com",
            "bucket_prefix": "",
            "bucket_regional_domain_name": "cost-analysis-poc-reports-9f8e7d-dev.s3.us-east-1.amazonaws.com",
            "cors_rule": [],
            "force_destroy": null,
            "grant": [
              {
                "id": "26a923203d6d5ad417f215208b02f2c5039377a8bc94d672bb607f6761a0817e",
                "permissions": [
                  "FULL_CONTROL"
                ],
                "type": "CanonicalUser",
                "uri": ""
              }
            ],
            "hosted_zone_id": "Z3AQBSTGFYJSTF",
            "id": "cost-analysis-poc-reports-9f8e7d-dev",
            "lifecycle_rule": [],
            "logging": [],
            "object_lock_configuration": [],
            "object_lock_enabled": false,
            "policy": "{\"Statement\":[{\"Action\":[\"s3:GetBucketPolicy\",\"s3:GetBucketAcl\"],\"Effect\":\"Allow\",\"Principal\":{\"Service\":\"billingreports.amazonaws.com\"},\"Resource\":\"arn:aws:s3:::cost-analysis-poc-reports-9f8e7d-dev\",\"Sid\":\"AllowCURDelivery\"},{\"Action\":\"s3:PutObject\",\"Effect\":\"Allow\",\"Principal\":{\"Service\":\"billingreports.amazonaws.com\"},\"Resource\":\"arn:aws:s3:::cost-analysis-poc-reports-9f8e7d-dev/*\",\"Sid\":\"AllowCURWriting\"}],\"Version\":\"2012-10-17\"}",
            "region": "us-east-1",
            "replication_configuration": [],
            "request_payer": "BucketOwner",
            "server_side_encryption_configuration": [
              {
                "rule": [
                  {
                    "apply_server_side_encryption_by_default": [
                      {
                        "kms_master_key_id": "",
                        "sse_algorithm": "AES256"
                      }
                    ],
                    "bucket_key_enabled": false
                  }
                ]
              }
            ],
            "tags": {},
            "tags_all": {
              "Environment": "dev",
              "ManagedBy": "Terraform",
              "Project": "AWS-Cost-Analysis"
            },
            "timeouts": null,
            "versioning": [
              {
                "enabled": true,
                "mfa_delete": false
              }
            ],
            "website": [],
            "website_domain": null,
            "website_endpoint": null
          },
          "sensitive_attributes": [],
          "private": "eyJlMmJmYjczMC1lY2FhLTExZTYtOGY4OC0zNDM2M2JjN2M0YzAiOnsiY3JlYXRlIjoxMjAwMDAwMDAwMDAwLCJkZWxldGUiOjM2MDAwMDAwMDAwMDAsInJlYWQiOjEyMDAwMDAwMDAwMDAsInVwZGF0ZSI6MTIwMDAwMDAwMDAwMH0sInNjaGVtYV92ZXJzaW9uIjoiMCJ9"
        }
      ]
    },
    {
      "module": "module.cost_intelligence",
      "mode": "managed",
      "type": "aws_s3_bucket_policy",
      "name": "cost_reports",
      "provider": "provider[\"registry.terraform.io/hashicorp/aws\"]",
      "instances": [
        {
          "schema_version": 0,
          "attributes": {
            "bucket": "cost-analysis-poc-reports-9f8e7d-dev",
            "id": "cost-analysis-poc-reports-9f8e7d-dev",
            "policy": "{\"Statement\":[{\"Action\":[\"s3:GetBucketPolicy\",\"s3:GetBucketAcl\"],\"Effect\":\"Allow\",\"Principal\":{\"Service\":\"billingreports.amazonaws.com\"},\"Resource\":\"arn:aws:s3:::cost-analysis-poc-reports-9f8e7d-dev\",\"Sid\":\"AllowCURDelivery\"},{\"Action\":\"s3:PutObject\",\"Effect\":\"Allow\",\"Principal\":{\"Service\":\"billingreports.amazonaws.com\"},\"Resource\":\"arn:aws:s3:::cost-analysis-poc-reports-9f8e7d-dev/*\",\"Sid\":\"AllowCURWriting\"}],\"Version\":\"2012-10-17\"}"
          },
          "sensitive_attributes": [],
          "private": "eyJzY2hlbWFfdmVyc2lvbiI6IjAifQ==",
          "dependencies": [
            "module.cost_intelligence.aws_s3_bucket.cost_reports",
            "module.cost_intelligence.data.aws_iam_policy_document.cost_reports"
          ]
        }
      ]
    },
    {
      "module": "module.cost_intelligence",
      "mode": "managed",
      "type": "aws_s3_bucket_server_side_encryption_configuration",
      "name": "cost_reports",
      "provider": "provider[\"registry.terraform.io/hashicorp/aws\"]",
      "instances": [
        {
          "schema_version": 0,
          "attributes": {
            "bucket": "cost-analysis-poc-reports-9f8e7d-dev",
            "expected_bucket_owner": "",
            "id": "cost-analysis-poc-reports-9f8e7d-dev",
            "rule": [
              {
                "apply_server_side_encryption_by_default": [
                  {
                    "kms_master_key_id": "",
                    "sse_algorithm": "AES256"
                  }
                ],
                "bucket_key_enabled": false
              }
            ]
          },
          "sensitive_attributes": [],
          "private": "eyJzY2hlbWFfdmVyc2lvbiI6IjAifQ==",
          "dependencies": [
            "module.cost_intelligence.aws_s3_bucket.cost_reports"
          ]
        }
      ]
    },
    {
      "module": "module.cost_intelligence",
      "mode": "managed",
      "type": "aws_s3_bucket_versioning",
      "name": "cost_reports",
      "provider": "provider[\"registry.terraform.io/hashicorp/aws\"]",
      "instances": [
        {
          "schema_version": 0,
          "attributes": {
            "bucket": "cost-analysis-poc-reports-9f8e7d-dev",
            "expected_bucket_owner": "",
            "id": "cost-analysis-poc-reports-9f8e7d-dev",
            "mfa": null,
            "versioning_configuration": [
              {
                "mfa_delete": "",
                "status": "Enabled"
              }
            ]
          },
          "sensitive_attributes": [],
          "private": "eyJzY2hlbWFfdmVyc2lvbiI6IjAifQ==",
          "dependencies": [
            "module.cost_intelligence.aws_s3_bucket.cost_reports"
          ]
        }
      ]
    }
  ],
  "check_results": null
}
